
Microsoft Visual Studio Solution File, Format Version 12.00
# Visual Studio Version 16
VisualStudioVersion = 16.0.31005.135
MinimumVisualStudioVersion = 10.0.40219.1
Project("{FAE04EC0-301F-11D3-BF4B-00C04F79EFBC}") = "CarsDb2", "CarsDb2\CarsDb2.csproj", "{81CB2F65-A76E-4324-A462-E1A31EABA715}"
EndProject
Global
	GlobalSection(SolutionConfigurationPlatforms) = preSolution
		Debug|Any CPU = Debug|Any CPU
		Release|Any CPU = Release|Any CPU
	EndGlobalSection
	GlobalSection(ProjectConfigurationPlatforms) = postSolution
		{81CB2F65-A76E-4324-A462-E1A31EABA715}.Debug|Any CPU.ActiveCfg = Debug|Any CPU
		{81CB2F65-A76E-4324-A462-E1A31EABA715}.Debug|Any CPU.Build.0 = Debug|Any CPU
		{81CB2F65-A76E-4324-A462-E1A31EABA715}.Release|Any CPU.ActiveCfg = Release|Any CPU
		{81CB2F65-A76E-4324-A462-E1A31EABA715}.Release|Any CPU.Build.0 = Release|Any CPU
	EndGlobalSection
	GlobalSection(SolutionProperties) = preSolution
		HideSolutionNode = FALSE
	EndGlobalSection
	GlobalSection(ExtensibilityGlobals) = postSolution
		SolutionGuid = {ACE2DCAA-0172-4B93-A811-315FE80B6E5F}
	EndGlobalSection
EndGlobal
